{
  "name": "pupapppupps",
  "version": "1.0.0",
  "lockfileVersion": 3,
  "requires": true,
  "packages": {
    "": {
      "name": "pupapppupps",
      "version": "1.0.0",
      "license": "ISC",
      "devDependencies": {
        "@google/jules-sdk": "^0.0.6"
      }
    },
    "node_modules/@google/jules-sdk": {
      "version": "0.0.6",
      "resolved": "https://registry.npmjs.org/@google/jules-sdk/-/jules-sdk-0.0.6.tgz",
      "integrity": "sha512-ZW1r0QN26RNi0eA8xIB1criJh3gVIvAPtLh6gaWTkqvjviGmRGxwa4dXi0OQgRJdgnYIgneFKD+QHj9yL/hbrg==",
      "dev": true,
      "license": "Apache-2.0",
      "dependencies": {
        "yaml": "^2.8.2",
        "zod": "^3.25.76"
      }
    },
    "node_modules/yaml": {
      "version": "2.8.2",
      "resolved": "https://registry.npmjs.org/yaml/-/yaml-2.8.2.tgz",
      "integrity": "sha512-mplynKqc1C2hTVYxd0PU2xQAc22TI1vShAYGksCCfxbn/dFwnHTNi1bvYsBTkhdUNtGIf5xNOg938rrSSYvS9A==",
      "dev": true,
      "license": "ISC",
      "bin": {
        "yaml": "bin.mjs"
      },
      "engines": {
        "node": ">= 14.6"
      },
      "funding": {
        "url": "https://github.com/sponsors/eemeli"
      }
    },
    "node_modules/zod": {
      "version": "3.25.76",
      "resolved": "https://registry.npmjs.org/zod/-/zod-3.25.76.tgz",
      "integrity": "sha512-gzUt/qt81nXsFGKIFcC3YnfEAx5NkunCfnDlvuBSSFS02bcXu4Lmea0AFIUwbLWxWPx3d9p8S5QoaujKcNQxcQ==",
      "dev": true,
      "license": "MIT",
      "funding": {
        "url": "https://github.com/sponsors/colinhacks"
      }
    }
  }
}
